# This is a Gradle generated file for dependency locking.
# Manual edits can break the build and are not advised.
# This file is expected to be part of source control.
aopalliance:aopalliance:1.0
ch.qos.logback:logback-classic:1.2.3
ch.qos.logback:logback-core:1.2.3
com.auth0:java-jwt:3.9.0
com.auth0:jwks-rsa:0.9.0
com.fasterxml.jackson.core:jackson-annotations:2.10.2
com.fasterxml.jackson.core:jackson-core:2.10.2
com.fasterxml.jackson.core:jackson-databind:2.10.2
com.fasterxml.jackson.module:jackson-module-kotlin:2.10.2
com.google.api.graphql:rejoiner:0.3.1
com.google.api.grpc:proto-google-common-protos:1.17.0
com.google.auto.value:auto-value:1.5.2
com.google.code.findbugs:jsr305:3.0.2
com.google.code.gson:gson:2.8.6
com.google.errorprone:error_prone_annotations:2.3.4
com.google.guava:failureaccess:1.0.1
com.google.guava:guava:29.0-jre
com.google.guava:listenablefuture:9999.0-empty-to-avoid-conflict-with-guava
com.google.inject.extensions:guice-multibindings:4.1.0
com.google.inject:guice:4.1.0
com.google.j2objc:j2objc-annotations:1.3
com.google.protobuf:protobuf-java-util:3.8.0
com.google.protobuf:protobuf-java:3.12.0
com.googlecode.json-simple:json-simple:1.1.1
com.graphql-java:graphql-java:2019-05-27T04-13-44-5373f96
com.graphql-java:java-dataloader:2.1.1
com.squareup.okhttp3:okhttp:4.2.2
com.squareup.okio:okio:2.2.2
com.typesafe:config:1.3.1
io.grpc:grpc-api:1.31.1
io.grpc:grpc-bom:1.31.1
io.grpc:grpc-context:1.31.1
io.grpc:grpc-core:1.31.1
io.grpc:grpc-kotlin-stub:0.1.5
io.grpc:grpc-netty-shaded:1.31.1
io.grpc:grpc-netty:1.31.1
io.grpc:grpc-protobuf-lite:1.31.1
io.grpc:grpc-protobuf:1.31.1
io.grpc:grpc-stub:1.31.1
io.jaegertracing:jaeger-client:1.3.2
io.jaegertracing:jaeger-core:1.3.2
io.jaegertracing:jaeger-thrift:1.3.2
io.jaegertracing:jaeger-tracerresolver:1.3.2
io.ktor:ktor-auth-jwt:1.3.2
io.ktor:ktor-auth:1.3.2
io.ktor:ktor-bom:1.3.2
io.ktor:ktor-client-cio:1.3.2
io.ktor:ktor-client-core-jvm:1.3.2
io.ktor:ktor-client-jetty:1.3.2
io.ktor:ktor-client-json-jvm:1.3.2
io.ktor:ktor-client-mock-jvm:1.3.2
io.ktor:ktor-client-serialization-jvm:1.3.2
io.ktor:ktor-client-tests-jvm:1.3.2
io.ktor:ktor-http-cio-jvm:1.3.2
io.ktor:ktor-http-jvm:1.3.2
io.ktor:ktor-io-jvm:1.3.2
io.ktor:ktor-jackson:1.3.2
io.ktor:ktor-network-tls-certificates:1.3.2
io.ktor:ktor-network-tls:1.3.2
io.ktor:ktor-network:1.3.2
io.ktor:ktor-server-core:1.3.2
io.ktor:ktor-server-host-common:1.3.2
io.ktor:ktor-server-jetty:1.3.2
io.ktor:ktor-server-netty:1.3.2
io.ktor:ktor-server-servlet:1.3.2
io.ktor:ktor-server-test-host:1.3.2
io.ktor:ktor-server-tests:1.3.2
io.ktor:ktor-test-dispatcher-jvm:1.3.2
io.ktor:ktor-utils-jvm:1.3.2
io.ktor:ktor-websockets:1.3.2
io.netty:netty-buffer:4.1.48.Final
io.netty:netty-codec-http2:4.1.48.Final
io.netty:netty-codec-http:4.1.48.Final
io.netty:netty-codec:4.1.48.Final
io.netty:netty-common:4.1.48.Final
io.netty:netty-handler:4.1.48.Final
io.netty:netty-resolver:4.1.48.Final
io.netty:netty-transport-native-epoll:4.1.44.Final
io.netty:netty-transport-native-kqueue:4.1.44.Final
io.netty:netty-transport-native-unix-common:4.1.44.Final
io.netty:netty-transport:4.1.48.Final
io.opentracing.contrib:opentracing-grpc:0.2.3
io.opentracing.contrib:opentracing-tracerresolver:0.1.8
io.opentracing:opentracing-api:0.33.0
io.opentracing:opentracing-noop:0.33.0
io.opentracing:opentracing-util:0.33.0
javax.annotation:javax.annotation-api:1.3.2
javax.inject:javax.inject:1
javax.servlet:javax.servlet-api:3.1.0
junit:junit:4.12
org.antlr:antlr4-runtime:4.7.2
org.apache.logging.log4j:log4j-api:2.13.3
org.apache.logging.log4j:log4j-bom:2.13.3
org.apache.logging.log4j:log4j-core:2.13.3
org.apache.logging.log4j:log4j-slf4j-impl:2.13.3
org.apache.thrift:libthrift:0.13.0
org.checkerframework:checker-qual:2.11.1
org.eclipse.jetty.alpn:alpn-api:1.1.3.v20160715
org.eclipse.jetty.http2:http2-client:9.4.24.v20191120
org.eclipse.jetty.http2:http2-common:9.4.24.v20191120
org.eclipse.jetty.http2:http2-hpack:9.4.24.v20191120
org.eclipse.jetty.http2:http2-http-client-transport:9.4.24.v20191120
org.eclipse.jetty.http2:http2-server:9.4.24.v20191120
org.eclipse.jetty:jetty-alpn-client:9.4.24.v20191120
org.eclipse.jetty:jetty-alpn-java-client:9.4.24.v20191120
org.eclipse.jetty:jetty-alpn-java-server:9.4.24.v20191120
org.eclipse.jetty:jetty-alpn-openjdk8-client:9.4.24.v20191120
org.eclipse.jetty:jetty-alpn-openjdk8-server:9.4.24.v20191120
org.eclipse.jetty:jetty-alpn-server:9.4.24.v20191120
org.eclipse.jetty:jetty-client:9.4.24.v20191120
org.eclipse.jetty:jetty-continuation:9.4.24.v20191120
org.eclipse.jetty:jetty-http:9.4.24.v20191120
org.eclipse.jetty:jetty-io:9.4.24.v20191120
org.eclipse.jetty:jetty-server:9.4.24.v20191120
org.eclipse.jetty:jetty-servlets:9.4.24.v20191120
org.eclipse.jetty:jetty-util:9.4.24.v20191120
org.hamcrest:hamcrest-core:1.3
org.jetbrains.kotlin:kotlin-reflect:1.3.70
org.jetbrains.kotlin:kotlin-stdlib-common:1.3.71
org.jetbrains.kotlin:kotlin-stdlib-jdk7:1.3.70
org.jetbrains.kotlin:kotlin-stdlib-jdk8:1.3.70
org.jetbrains.kotlin:kotlin-stdlib:1.3.71
org.jetbrains.kotlin:kotlin-test-annotations-common:1.3.70
org.jetbrains.kotlin:kotlin-test-common:1.3.70
org.jetbrains.kotlin:kotlin-test-junit:1.3.70
org.jetbrains.kotlin:kotlin-test:1.3.70
org.jetbrains.kotlinx:atomicfu:0.14.2
org.jetbrains.kotlinx:kotlinx-coroutines-core-common:1.3.4
org.jetbrains.kotlinx:kotlinx-coroutines-core:1.3.8
org.jetbrains.kotlinx:kotlinx-coroutines-guava:1.3.8
org.jetbrains.kotlinx:kotlinx-coroutines-jdk8:1.3.4
org.jetbrains.kotlinx:kotlinx-serialization-runtime-common:0.20.0
org.jetbrains.kotlinx:kotlinx-serialization-runtime:0.20.0
org.jetbrains:annotations:13.0
org.mortbay.jetty.alpn:alpn-boot:8.1.13.v20181017
org.reactivestreams:reactive-streams:1.0.2
org.slf4j:slf4j-api:1.7.30
