# This is a Gradle generated file for dependency locking.
# Manual edits can break the build and are not advised.
# This file is expected to be part of source control.
com.auth0:java-jwt:3.10.3
com.fasterxml.jackson.core:jackson-annotations:2.10.3
com.fasterxml.jackson.core:jackson-core:2.10.3
com.fasterxml.jackson.core:jackson-databind:2.10.3
com.google.android:annotations:4.1.1.4
com.google.api.grpc:proto-google-common-protos:1.17.0
com.google.code.findbugs:jsr305:3.0.2
com.google.code.gson:gson:2.8.6
com.google.errorprone:error_prone_annotations:2.3.4
com.google.guava:failureaccess:1.0.1
com.google.guava:guava:29.0-android
com.google.guava:listenablefuture:9999.0-empty-to-avoid-conflict-with-guava
com.google.j2objc:j2objc-annotations:1.3
com.google.protobuf:protobuf-java:3.12.0
com.h2database:h2:1.4.200
com.squareup.okhttp3:okhttp:4.2.2
com.squareup.okio:okio:2.2.2
commons-codec:commons-codec:1.14
de.mkammerer:argon2-jvm:2.7
io.grpc:grpc-api:1.31.1
io.grpc:grpc-bom:1.31.1
io.grpc:grpc-context:1.31.1
io.grpc:grpc-core:1.31.1
io.grpc:grpc-kotlin-stub:0.1.5
io.grpc:grpc-netty-shaded:1.31.1
io.grpc:grpc-protobuf-lite:1.31.1
io.grpc:grpc-protobuf:1.31.1
io.grpc:grpc-stub:1.31.1
io.jaegertracing:jaeger-client:1.3.2
io.jaegertracing:jaeger-core:1.3.2
io.jaegertracing:jaeger-thrift:1.3.2
io.jaegertracing:jaeger-tracerresolver:1.3.2
io.opentracing.contrib:opentracing-grpc:0.2.3
io.opentracing.contrib:opentracing-tracerresolver:0.1.8
io.opentracing:opentracing-api:0.33.0
io.opentracing:opentracing-noop:0.33.0
io.opentracing:opentracing-util:0.33.0
io.perfmark:perfmark-api:0.19.0
javax.annotation:javax.annotation-api:1.3.2
net.java.dev.jna:jna:5.5.0
org.apache.logging.log4j:log4j-api:2.13.3
org.apache.logging.log4j:log4j-bom:2.13.3
org.apache.logging.log4j:log4j-core:2.13.3
org.apache.logging.log4j:log4j-slf4j-impl:2.13.3
org.apache.thrift:libthrift:0.13.0
org.apache.tomcat:annotations-api:6.0.53
org.checkerframework:checker-compat-qual:2.5.5
org.codehaus.mojo:animal-sniffer-annotations:1.18
org.jetbrains.exposed:exposed-core:0.25.1
org.jetbrains.exposed:exposed-jdbc:0.25.1
org.jetbrains.kotlin:kotlin-reflect:1.3.72
org.jetbrains.kotlin:kotlin-stdlib-common:1.3.72
org.jetbrains.kotlin:kotlin-stdlib:1.3.72
org.jetbrains.kotlinx:kotlinx-coroutines-core:1.3.5
org.jetbrains:annotations:13.0
org.slf4j:slf4j-api:1.7.28
